
Microsoft Visual Studio Solution File, Format Version 12.00
# Visual Studio Version 17
VisualStudioVersion = 17.10.35013.160
MinimumVisualStudioVersion = 10.0.40219.1
Project("{9A19103F-16F7-4668-BE54-9A1E7A4F7556}") = "DateConverterNepali", "DateConverterNepaliV4\DateConverterNepali.csproj", "{B5A88925-27C8-4A97-A487-D63F0D909243}"
EndProject
Global
	GlobalSection(SolutionConfigurationPlatforms) = preSolution
		Debug|Any CPU = Debug|Any CPU
		Release|Any CPU = Release|Any CPU
	EndGlobalSection
	GlobalSection(ProjectConfigurationPlatforms) = postSolution
		{B5A88925-27C8-4A97-A487-D63F0D909243}.Debug|Any CPU.ActiveCfg = Debug|Any CPU
		{B5A88925-27C8-4A97-A487-D63F0D909243}.Debug|Any CPU.Build.0 = Debug|Any CPU
		{B5A88925-27C8-4A97-A487-D63F0D909243}.Release|Any CPU.ActiveCfg = Release|Any CPU
		{B5A88925-27C8-4A97-A487-D63F0D909243}.Release|Any CPU.Build.0 = Release|Any CPU
	EndGlobalSection
	GlobalSection(SolutionProperties) = preSolution
		HideSolutionNode = FALSE
	EndGlobalSection
	GlobalSection(ExtensibilityGlobals) = postSolution
		SolutionGuid = {7F2FB031-2381-40E6-9928-0948686A42D8}
	EndGlobalSection
EndGlobal
